
Microsoft Visual Studio Solution File, Format Version 12.00
Project("{FAE04EC0-301F-11D3-BF4B-00C04F79EFBC}") = "ETalk_Shell", "ETalk_Shell\ETalk_Shell.csproj", "{5A220D1E-5703-4E48-B042-193A22317D8E}"
EndProject
Global
	GlobalSection(SolutionConfigurationPlatforms) = preSolution
		Debug|Any CPU = Debug|Any CPU
		Release|Any CPU = Release|Any CPU
	EndGlobalSection
	GlobalSection(ProjectConfigurationPlatforms) = postSolution
		{5A220D1E-5703-4E48-B042-193A22317D8E}.Debug|Any CPU.ActiveCfg = Debug|Any CPU
		{5A220D1E-5703-4E48-B042-193A22317D8E}.Debug|Any CPU.Build.0 = Debug|Any CPU
		{5A220D1E-5703-4E48-B042-193A22317D8E}.Release|Any CPU.ActiveCfg = Release|Any CPU
		{5A220D1E-5703-4E48-B042-193A22317D8E}.Release|Any CPU.Build.0 = Release|Any CPU
	EndGlobalSection
EndGlobal
